
Microsoft Visual Studio Solution File, Format Version 12.00
# Visual Studio Version 16
VisualStudioVersion = 16.0.30309.148
MinimumVisualStudioVersion = 10.0.40219.1
Project("{FAE04EC0-301F-11D3-BF4B-00C04F79EFBC}") = "ProcessCubeFile", "ProcessCubeFile\ProcessCubeFile.csproj", "{8B20D0CE-857F-42B2-A12C-770F9C210FA3}"
EndProject
Global
	GlobalSection(SolutionConfigurationPlatforms) = preSolution
		Debug|Any CPU = Debug|Any CPU
		Release|Any CPU = Release|Any CPU
	EndGlobalSection
	GlobalSection(ProjectConfigurationPlatforms) = postSolution
		{8B20D0CE-857F-42B2-A12C-770F9C210FA3}.Debug|Any CPU.ActiveCfg = Debug|Any CPU
		{8B20D0CE-857F-42B2-A12C-770F9C210FA3}.Debug|Any CPU.Build.0 = Debug|Any CPU
		{8B20D0CE-857F-42B2-A12C-770F9C210FA3}.Release|Any CPU.ActiveCfg = Release|Any CPU
		{8B20D0CE-857F-42B2-A12C-770F9C210FA3}.Release|Any CPU.Build.0 = Release|Any CPU
	EndGlobalSection
	GlobalSection(SolutionProperties) = preSolution
		HideSolutionNode = FALSE
	EndGlobalSection
	GlobalSection(ExtensibilityGlobals) = postSolution
		SolutionGuid = {C0DA898B-97AC-4E24-836E-81AA44B77219}
	EndGlobalSection
EndGlobal
